
Microsoft Visual Studio Solution File, Format Version 12.00
# Visual Studio Version 16
VisualStudioVersion = 16.0.29613.14
MinimumVisualStudioVersion = 10.0.40219.1
Project("{FAE04EC0-301F-11D3-BF4B-00C04F79EFBC}") = "MathLab2", "MathLab2\MathLab2.csproj", "{3FD0351E-2AB7-4C1A-AA3C-182D293413FC}"
EndProject
Global
	GlobalSection(SolutionConfigurationPlatforms) = preSolution
		Debug|Any CPU = Debug|Any CPU
		Release|Any CPU = Release|Any CPU
	EndGlobalSection
	GlobalSection(ProjectConfigurationPlatforms) = postSolution
		{3FD0351E-2AB7-4C1A-AA3C-182D293413FC}.Debug|Any CPU.ActiveCfg = Debug|Any CPU
		{3FD0351E-2AB7-4C1A-AA3C-182D293413FC}.Debug|Any CPU.Build.0 = Debug|Any CPU
		{3FD0351E-2AB7-4C1A-AA3C-182D293413FC}.Release|Any CPU.ActiveCfg = Release|Any CPU
		{3FD0351E-2AB7-4C1A-AA3C-182D293413FC}.Release|Any CPU.Build.0 = Release|Any CPU
	EndGlobalSection
	GlobalSection(SolutionProperties) = preSolution
		HideSolutionNode = FALSE
	EndGlobalSection
	GlobalSection(ExtensibilityGlobals) = postSolution
		SolutionGuid = {D915B2DF-5BA7-4FDA-9A51-414EF564E9AC}
	EndGlobalSection
EndGlobal
